
Microsoft Visual Studio Solution File, Format Version 12.00
# Visual Studio Version 16
VisualStudioVersion = 16.0.30907.101
MinimumVisualStudioVersion = 10.0.40219.1
Project("{2150E333-8FDC-42A3-9474-1A3956D46DE8}") = "Application", "Application", "{48999C70-2032-4F4A-80F9-2BBA04B9D643}"
EndProject
Project("{2150E333-8FDC-42A3-9474-1A3956D46DE8}") = "Data", "Data", "{DDB8B2F2-227A-466B-8B9D-8819D3393B48}"
EndProject
Project("{2150E333-8FDC-42A3-9474-1A3956D46DE8}") = "Domain", "Domain", "{5AD3F45E-BE00-4AEE-894C-68CA54F41409}"
EndProject
Project("{2150E333-8FDC-42A3-9474-1A3956D46DE8}") = "Infrastructure", "Infrastructure", "{D479765E-9BD5-46FA-B6FD-D9A2BE11E5C4}"
EndProject
Project("{2150E333-8FDC-42A3-9474-1A3956D46DE8}") = "Presentation", "Presentation", "{87C00A1B-4EA8-40C8-A5D0-AC8161932544}"
EndProject
Project("{FAE04EC0-301F-11D3-BF4B-00C04F79EFBC}") = "BlockToDB.Application.Abstraction", "BlockToDB.Application.Abstraction\BlockToDB.Application.Abstraction.csproj", "{FDBDF559-494B-42B7-BE2B-9CC8B7931988}"
EndProject
Project("{FAE04EC0-301F-11D3-BF4B-00C04F79EFBC}") = "BlockToDB.Application.Services", "BlockToDB.Application.Services\BlockToDB.Application.Services.csproj", "{D5AEEBE0-1065-4ACD-B37D-9F6A72E77185}"
EndProject
Project("{FAE04EC0-301F-11D3-BF4B-00C04F79EFBC}") = "BlockToDB.Data.Abstraction", "BlockToDB.Data.Abstraction\BlockToDB.Data.Abstraction.csproj", "{4694794E-AA58-42F3-8D71-3FDE364E5072}"
EndProject
Project("{FAE04EC0-301F-11D3-BF4B-00C04F79EFBC}") = "BlockToDB.Data.Repositories", "BlockToDB.Data.Repositories\BlockToDB.Data.Repositories.csproj", "{2AF8ED8E-1708-4F73-AE06-2B899CA102A7}"
EndProject
Project("{FAE04EC0-301F-11D3-BF4B-00C04F79EFBC}") = "BlockToDB.EntityFramework", "BlockToDB.EntityFramework\BlockToDB.EntityFramework.csproj", "{BEC3B32C-9CCD-40F0-A4EE-DE0EABCE8769}"
EndProject
Project("{FAE04EC0-301F-11D3-BF4B-00C04F79EFBC}") = "BlockToDB.Domain", "BlockToDB.Domain\BlockToDB.Domain.csproj", "{8772CE2B-CABB-4488-B4BD-96A101A580BB}"
EndProject
Project("{FAE04EC0-301F-11D3-BF4B-00C04F79EFBC}") = "BlockToDB.Dictionaries", "BlockToDB.Dictionaries\BlockToDB.Dictionaries.csproj", "{AD40D57F-B038-4A91-A79A-BFA8A8888A2E}"
EndProject
Project("{FAE04EC0-301F-11D3-BF4B-00C04F79EFBC}") = "BlockToDB.DependencyResolver", "BlockToDB.DependencyResolver\BlockToDB.DependencyResolver.csproj", "{E81160E4-F572-4C87-AACB-CE7C4687515F}"
EndProject
Project("{FAE04EC0-301F-11D3-BF4B-00C04F79EFBC}") = "BlockToDB.Resources", "BlockToDB.Resources\BlockToDB.Resources.csproj", "{2F59D53C-CDBC-4C57-8F72-BD416CE0DE15}"
EndProject
Project("{FAE04EC0-301F-11D3-BF4B-00C04F79EFBC}") = "BlockToDB.Infrastructure", "BlockToDB.Infrastructure\BlockToDB.Infrastructure.csproj", "{EF10CCD2-4F7B-4203-A852-44DBC7A973C9}"
EndProject
Project("{FAE04EC0-301F-11D3-BF4B-00C04F79EFBC}") = "BlockToDB", "BlockToDB\BlockToDB.csproj", "{C6CCA263-1E4B-4082-BC78-F5767294D169}"
EndProject
Global
	GlobalSection(SolutionConfigurationPlatforms) = preSolution
		Debug|Any CPU = Debug|Any CPU
		Release|Any CPU = Release|Any CPU
	EndGlobalSection
	GlobalSection(ProjectConfigurationPlatforms) = postSolution
		{FDBDF559-494B-42B7-BE2B-9CC8B7931988}.Debug|Any CPU.ActiveCfg = Debug|Any CPU
		{FDBDF559-494B-42B7-BE2B-9CC8B7931988}.Debug|Any CPU.Build.0 = Debug|Any CPU
		{FDBDF559-494B-42B7-BE2B-9CC8B7931988}.Release|Any CPU.ActiveCfg = Release|Any CPU
		{FDBDF559-494B-42B7-BE2B-9CC8B7931988}.Release|Any CPU.Build.0 = Release|Any CPU
		{D5AEEBE0-1065-4ACD-B37D-9F6A72E77185}.Debug|Any CPU.ActiveCfg = Debug|Any CPU
		{D5AEEBE0-1065-4ACD-B37D-9F6A72E77185}.Debug|Any CPU.Build.0 = Debug|Any CPU
		{D5AEEBE0-1065-4ACD-B37D-9F6A72E77185}.Release|Any CPU.ActiveCfg = Release|Any CPU
		{D5AEEBE0-1065-4ACD-B37D-9F6A72E77185}.Release|Any CPU.Build.0 = Release|Any CPU
		{4694794E-AA58-42F3-8D71-3FDE364E5072}.Debug|Any CPU.ActiveCfg = Debug|Any CPU
		{4694794E-AA58-42F3-8D71-3FDE364E5072}.Debug|Any CPU.Build.0 = Debug|Any CPU
		{4694794E-AA58-42F3-8D71-3FDE364E5072}.Release|Any CPU.ActiveCfg = Release|Any CPU
		{4694794E-AA58-42F3-8D71-3FDE364E5072}.Release|Any CPU.Build.0 = Release|Any CPU
		{2AF8ED8E-1708-4F73-AE06-2B899CA102A7}.Debug|Any CPU.ActiveCfg = Debug|Any CPU
		{2AF8ED8E-1708-4F73-AE06-2B899CA102A7}.Debug|Any CPU.Build.0 = Debug|Any CPU
		{2AF8ED8E-1708-4F73-AE06-2B899CA102A7}.Release|Any CPU.ActiveCfg = Release|Any CPU
		{2AF8ED8E-1708-4F73-AE06-2B899CA102A7}.Release|Any CPU.Build.0 = Release|Any CPU
		{BEC3B32C-9CCD-40F0-A4EE-DE0EABCE8769}.Debug|Any CPU.ActiveCfg = Debug|Any CPU
		{BEC3B32C-9CCD-40F0-A4EE-DE0EABCE8769}.Debug|Any CPU.Build.0 = Debug|Any CPU
		{BEC3B32C-9CCD-40F0-A4EE-DE0EABCE8769}.Release|Any CPU.ActiveCfg = Release|Any CPU
		{BEC3B32C-9CCD-40F0-A4EE-DE0EABCE8769}.Release|Any CPU.Build.0 = Release|Any CPU
		{8772CE2B-CABB-4488-B4BD-96A101A580BB}.Debug|Any CPU.ActiveCfg = Debug|Any CPU
		{8772CE2B-CABB-4488-B4BD-96A101A580BB}.Debug|Any CPU.Build.0 = Debug|Any CPU
		{8772CE2B-CABB-4488-B4BD-96A101A580BB}.Release|Any CPU.ActiveCfg = Release|Any CPU
		{8772CE2B-CABB-4488-B4BD-96A101A580BB}.Release|Any CPU.Build.0 = Release|Any CPU
		{AD40D57F-B038-4A91-A79A-BFA8A8888A2E}.Debug|Any CPU.ActiveCfg = Debug|Any CPU
		{AD40D57F-B038-4A91-A79A-BFA8A8888A2E}.Debug|Any CPU.Build.0 = Debug|Any CPU
		{AD40D57F-B038-4A91-A79A-BFA8A8888A2E}.Release|Any CPU.ActiveCfg = Release|Any CPU
		{AD40D57F-B038-4A91-A79A-BFA8A8888A2E}.Release|Any CPU.Build.0 = Release|Any CPU
		{E81160E4-F572-4C87-AACB-CE7C4687515F}.Debug|Any CPU.ActiveCfg = Debug|Any CPU
		{E81160E4-F572-4C87-AACB-CE7C4687515F}.Debug|Any CPU.Build.0 = Debug|Any CPU
		{E81160E4-F572-4C87-AACB-CE7C4687515F}.Release|Any CPU.ActiveCfg = Release|Any CPU
		{E81160E4-F572-4C87-AACB-CE7C4687515F}.Release|Any CPU.Build.0 = Release|Any CPU
		{2F59D53C-CDBC-4C57-8F72-BD416CE0DE15}.Debug|Any CPU.ActiveCfg = Debug|Any CPU
		{2F59D53C-CDBC-4C57-8F72-BD416CE0DE15}.Debug|Any CPU.Build.0 = Debug|Any CPU
		{2F59D53C-CDBC-4C57-8F72-BD416CE0DE15}.Release|Any CPU.ActiveCfg = Release|Any CPU
		{2F59D53C-CDBC-4C57-8F72-BD416CE0DE15}.Release|Any CPU.Build.0 = Release|Any CPU
		{EF10CCD2-4F7B-4203-A852-44DBC7A973C9}.Debug|Any CPU.ActiveCfg = Debug|Any CPU
		{EF10CCD2-4F7B-4203-A852-44DBC7A973C9}.Debug|Any CPU.Build.0 = Debug|Any CPU
		{EF10CCD2-4F7B-4203-A852-44DBC7A973C9}.Release|Any CPU.ActiveCfg = Release|Any CPU
		{EF10CCD2-4F7B-4203-A852-44DBC7A973C9}.Release|Any CPU.Build.0 = Release|Any CPU
		{C6CCA263-1E4B-4082-BC78-F5767294D169}.Debug|Any CPU.ActiveCfg = Debug|Any CPU
		{C6CCA263-1E4B-4082-BC78-F5767294D169}.Debug|Any CPU.Build.0 = Debug|Any CPU
		{C6CCA263-1E4B-4082-BC78-F5767294D169}.Release|Any CPU.ActiveCfg = Release|Any CPU
		{C6CCA263-1E4B-4082-BC78-F5767294D169}.Release|Any CPU.Build.0 = Release|Any CPU
	EndGlobalSection
	GlobalSection(SolutionProperties) = preSolution
		HideSolutionNode = FALSE
	EndGlobalSection
	GlobalSection(NestedProjects) = preSolution
		{FDBDF559-494B-42B7-BE2B-9CC8B7931988} = {48999C70-2032-4F4A-80F9-2BBA04B9D643}
		{D5AEEBE0-1065-4ACD-B37D-9F6A72E77185} = {48999C70-2032-4F4A-80F9-2BBA04B9D643}
		{4694794E-AA58-42F3-8D71-3FDE364E5072} = {DDB8B2F2-227A-466B-8B9D-8819D3393B48}
		{2AF8ED8E-1708-4F73-AE06-2B899CA102A7} = {DDB8B2F2-227A-466B-8B9D-8819D3393B48}
		{BEC3B32C-9CCD-40F0-A4EE-DE0EABCE8769} = {DDB8B2F2-227A-466B-8B9D-8819D3393B48}
		{8772CE2B-CABB-4488-B4BD-96A101A580BB} = {5AD3F45E-BE00-4AEE-894C-68CA54F41409}
		{AD40D57F-B038-4A91-A79A-BFA8A8888A2E} = {5AD3F45E-BE00-4AEE-894C-68CA54F41409}
		{E81160E4-F572-4C87-AACB-CE7C4687515F} = {D479765E-9BD5-46FA-B6FD-D9A2BE11E5C4}
		{2F59D53C-CDBC-4C57-8F72-BD416CE0DE15} = {D479765E-9BD5-46FA-B6FD-D9A2BE11E5C4}
		{EF10CCD2-4F7B-4203-A852-44DBC7A973C9} = {D479765E-9BD5-46FA-B6FD-D9A2BE11E5C4}
		{C6CCA263-1E4B-4082-BC78-F5767294D169} = {87C00A1B-4EA8-40C8-A5D0-AC8161932544}
	EndGlobalSection
	GlobalSection(ExtensibilityGlobals) = postSolution
		SolutionGuid = {961B0CB2-ACB7-4195-9891-00D7C06C8239}
	EndGlobalSection
EndGlobal
